// !$*UTF8*$!
{
	archiveVersion = 1;
	classes = {
	};
	objectVersion = 50;
	objects = {

/* Begin PBXBuildFile section */
		718067E224ECB1AE0032F5CB /* ThreadLock.c in Sources */ = {isa = PBXBuildFile; fileRef = 718067E124ECB1AE0032F5CB /* ThreadLock.c */; };
		846F72562350194F00C2A2F8 /* main.cpp in Sources */ = {isa = PBXBuildFile; fileRef = 846F72552350194F00C2A2F8 /* main.cpp */; };
		846F725E235019AF00C2A2F8 /* a.cpp in Sources */ = {isa = PBXBuildFile; fileRef = 846F725C235019AF00C2A2F8 /* a.cpp */; };
		846F7261235019CF00C2A2F8 /* b.cpp in Sources */ = {isa = PBXBuildFile; fileRef = 846F725F235019CF00C2A2F8 /* b.cpp */; };
		846F7264235019D800C2A2F8 /* c.cpp in Sources */ = {isa = PBXBuildFile; fileRef = 846F7262235019D800C2A2F8 /* c.cpp */; };
/* End PBXBuildFile section */

/* Begin PBXCopyFilesBuildPhase section */
		846F72502350194F00C2A2F8 /* CopyFiles */ = {
			isa = PBXCopyFilesBuildPhase;
			buildActionMask = 2147483647;
			dstPath = /usr/share/man/man1/;
			dstSubfolderSpec = 0;
			files = (
			);
			runOnlyForDeploymentPostprocessing = 1;
		};
/* End PBXCopyFilesBuildPhase section */

/* Begin PBXFileReference section */
		718067E124ECB1AE0032F5CB /* ThreadLock.c */ = {isa = PBXFileReference; lastKnownFileType = sourcecode.c.c; path = ThreadLock.c; sourceTree = "<group>"; };
		846F72522350194F00C2A2F8 /* StaticExtern */ = {isa = PBXFileReference; explicitFileType = "compiled.mach-o.executable"; includeInIndex = 0; path = StaticExtern; sourceTree = BUILT_PRODUCTS_DIR; };
		846F72552350194F00C2A2F8 /* main.cpp */ = {isa = PBXFileReference; lastKnownFileType = sourcecode.cpp.cpp; path = main.cpp; sourceTree = "<group>"; };
		846F725C235019AF00C2A2F8 /* a.cpp */ = {isa = PBXFileReference; lastKnownFileType = sourcecode.cpp.cpp; path = a.cpp; sourceTree = "<group>"; };
		846F725D235019AF00C2A2F8 /* a.hpp */ = {isa = PBXFileReference; lastKnownFileType = sourcecode.cpp.h; path = a.hpp; sourceTree = "<group>"; };
		846F725F235019CF00C2A2F8 /* b.cpp */ = {isa = PBXFileReference; lastKnownFileType = sourcecode.cpp.cpp; path = b.cpp; sourceTree = "<group>"; };
		846F7260235019CF00C2A2F8 /* b.hpp */ = {isa = PBXFileReference; lastKnownFileType = sourcecode.cpp.h; path = b.hpp; sourceTree = "<group>"; };
		846F7262235019D800C2A2F8 /* c.cpp */ = {isa = PBXFileReference; lastKnownFileType = sourcecode.cpp.cpp; path = c.cpp; sourceTree = "<group>"; };
		846F7263235019D800C2A2F8 /* c.hpp */ = {isa = PBXFileReference; lastKnownFileType = sourcecode.cpp.h; path = c.hpp; sourceTree = "<group>"; };
/* End PBXFileReference section */

/* Begin PBXFrameworksBuildPhase section */
		846F724F2350194F00C2A2F8 /* Frameworks */ = {
			isa = PBXFrameworksBuildPhase;
			buildActionMask = 2147483647;
			files = (
			);
			runOnlyForDeploymentPostprocessing = 0;
		};
/* End PBXFrameworksBuildPhase section */

/* Begin PBXGroup section */
		846F72492350194F00C2A2F8 = {
			isa = PBXGroup;
			children = (
				846F72542350194F00C2A2F8 /* StaticExtern */,
				846F72532350194F00C2A2F8 /* Products */,
			);
			sourceTree = "<group>";
		};
		846F72532350194F00C2A2F8 /* Products */ = {
			isa = PBXGroup;
			children = (
				846F72522350194F00C2A2F8 /* StaticExtern */,
			);
			name = Products;
			sourceTree = "<group>";
		};
		846F72542350194F00C2A2F8 /* StaticExtern */ = {
			isa = PBXGroup;
			children = (
				846F72552350194F00C2A2F8 /* main.cpp */,
				846F725C235019AF00C2A2F8 /* a.cpp */,
				846F725D235019AF00C2A2F8 /* a.hpp */,
				846F725F235019CF00C2A2F8 /* b.cpp */,
				846F7260235019CF00C2A2F8 /* b.hpp */,
				846F7262235019D800C2A2F8 /* c.cpp */,
				846F7263235019D800C2A2F8 /* c.hpp */,
				718067E124ECB1AE0032F5CB /* ThreadLock.c */,
			);
			path = StaticExtern;
			sourceTree = "<group>";
		};
/* End PBXGroup section */

/* Begin PBXNativeTarget section */
		846F72512350194F00C2A2F8 /* StaticExtern */ = {
			isa = PBXNativeTarget;
			buildConfigurationList = 846F72592350194F00C2A2F8 /* Build configuration list for PBXNativeTarget "StaticExtern" */;
			buildPhases = (
				846F724E2350194F00C2A2F8 /* Sources */,
				846F724F2350194F00C2A2F8 /* Frameworks */,
				846F72502350194F00C2A2F8 /* CopyFiles */,
			);
			buildRules = (
			);
			dependencies = (
			);
			name = StaticExtern;
			productName = StaticExtern;
			productReference = 846F72522350194F00C2A2F8 /* StaticExtern */;
			productType = "com.apple.product-type.tool";
		};
/* End PBXNativeTarget section */

/* Begin PBXProject section */
		846F724A2350194F00C2A2F8 /* Project object */ = {
			isa = PBXProject;
			attributes = {
				LastUpgradeCheck = 1160;
				ORGANIZATIONNAME = vine;
				TargetAttributes = {
					846F72512350194F00C2A2F8 = {
						CreatedOnToolsVersion = 10.2.1;
					};
				};
			};
			buildConfigurationList = 846F724D2350194F00C2A2F8 /* Build configuration list for PBXProject "StaticExtern" */;
			compatibilityVersion = "Xcode 9.3";
			developmentRegion = en;
			hasScannedForEncodings = 0;
			knownRegions = (
				en,
				Base,
			);
			mainGroup = 846F72492350194F00C2A2F8;
			productRefGroup = 846F72532350194F00C2A2F8 /* Products */;
			projectDirPath = "";
			projectRoot = "";
			targets = (
				846F72512350194F00C2A2F8 /* StaticExtern */,
			);
		};
/* End PBXProject section */

/* Begin PBXSourcesBuildPhase section */
		846F724E2350194F00C2A2F8 /* Sources */ = {
			isa = PBXSourcesBuildPhase;
			buildActionMask = 2147483647;
			files = (
				846F7261235019CF00C2A2F8 /* b.cpp in Sources */,
				846F7264235019D800C2A2F8 /* c.cpp in Sources */,
				846F72562350194F00C2A2F8 /* main.cpp in Sources */,
				846F725E235019AF00C2A2F8 /* a.cpp in Sources */,
				718067E224ECB1AE0032F5CB /* ThreadLock.c in Sources */,
			);
			runOnlyForDeploymentPostprocessing = 0;
		};
/* End PBXSourcesBuildPhase section */

/* Begin XCBuildConfiguration section */
		846F72572350194F00C2A2F8 /* Debug */ = {
			isa = XCBuildConfiguration;
			buildSettings = {
				ALWAYS_SEARCH_USER_PATHS = NO;
				CLANG_ANALYZER_NONNULL = YES;
				CLANG_ANALYZER_NUMBER_OBJECT_CONVERSION = YES_AGGRESSIVE;
				CLANG_CXX_LANGUAGE_STANDARD = "gnu++14";
				CLANG_CXX_LIBRARY = "libc++";
				CLANG_ENABLE_MODULES = YES;
				CLANG_ENABLE_OBJC_ARC = YES;
				CLANG_ENABLE_OBJC_WEAK = YES;
				CLANG_WARN_BLOCK_CAPTURE_AUTORELEASING = YES;
				CLANG_WARN_BOOL_CONVERSION = YES;
				CLANG_WARN_COMMA = YES;
				CLANG_WARN_CONSTANT_CONVERSION = YES;
				CLANG_WARN_DEPRECATED_OBJC_IMPLEMENTATIONS = YES;
				CLANG_WARN_DIRECT_OBJC_ISA_USAGE = YES_ERROR;
				CLANG_WARN_DOCUMENTATION_COMMENTS = YES;
				CLANG_WARN_EMPTY_BODY = YES;
				CLANG_WARN_ENUM_CONVERSION = YES;
				CLANG_WARN_INFINITE_RECURSION = YES;
				CLANG_WARN_INT_CONVERSION = YES;
				CLANG_WARN_NON_LITERAL_NULL_CONVERSION = YES;
				CLANG_WARN_OBJC_IMPLICIT_RETAIN_SELF = YES;
				CLANG_WARN_OBJC_LITERAL_CONVERSION = YES;
				CLANG_WARN_OBJC_ROOT_CLASS = YES_ERROR;
				CLANG_WARN_RANGE_LOOP_ANALYSIS = YES;
				CLANG_WARN_STRICT_PROTOTYPES = YES;
				CLANG_WARN_SUSPICIOUS_MOVE = YES;
				CLANG_WARN_UNGUARDED_AVAILABILITY = YES_AGGRESSIVE;
				CLANG_WARN_UNREACHABLE_CODE = YES;
				CLANG_WARN__DUPLICATE_METHOD_MATCH = YES;
				CODE_SIGN_IDENTITY = "Mac Developer";
				COPY_PHASE_STRIP = NO;
				DEBUG_INFORMATION_FORMAT = dwarf;
				ENABLE_STRICT_OBJC_MSGSEND = YES;
				ENABLE_TESTABILITY = YES;
				GCC_C_LANGUAGE_STANDARD = gnu11;
				GCC_DYNAMIC_NO_PIC = NO;
				GCC_NO_COMMON_BLOCKS = YES;
				GCC_OPTIMIZATION_LEVEL = 0;
				GCC_PREPROCESSOR_DEFINITIONS = (
					"DEBUG=1",
					"$(inherited)",
				);
				GCC_WARN_64_TO_32_BIT_CONVERSION = YES;
				GCC_WARN_ABOUT_RETURN_TYPE = YES_ERROR;
				GCC_WARN_UNDECLARED_SELECTOR = YES;
				GCC_WARN_UNINITIALIZED_AUTOS = YES_AGGRESSIVE;
				GCC_WARN_UNUSED_FUNCTION = YES;
				GCC_WARN_UNUSED_VARIABLE = YES;
				MACOSX_DEPLOYMENT_TARGET = 10.14;
				MTL_ENABLE_DEBUG_INFO = INCLUDE_SOURCE;
				MTL_FAST_MATH = YES;
				ONLY_ACTIVE_ARCH = YES;
				SDKROOT = macosx;
			};
			name = Debug;
		};
		846F72582350194F00C2A2F8 /* Release */ = {
			isa = XCBuildConfiguration;
			buildSettings = {
				ALWAYS_SEARCH_USER_PATHS = NO;
				CLANG_ANALYZER_NONNULL = YES;
				CLANG_ANALYZER_NUMBER_OBJECT_CONVERSION = YES_AGGRESSIVE;
				CLANG_CXX_LANGUAGE_STANDARD = "gnu++14";
				CLANG_CXX_LIBRARY = "libc++";
				CLANG_ENABLE_MODULES = YES;
				CLANG_ENABLE_OBJC_ARC = YES;
				CLANG_ENABLE_OBJC_WEAK = YES;
				CLANG_WARN_BLOCK_CAPTURE_AUTORELEASING = YES;
				CLANG_WARN_BOOL_CONVERSION = YES;
				CLANG_WARN_COMMA = YES;
				CLANG_WARN_CONSTANT_CONVERSION = YES;
				CLANG_WARN_DEPRECATED_OBJC_IMPLEMENTATIONS = YES;
				CLANG_WARN_DIRECT_OBJC_ISA_USAGE = YES_ERROR;
				CLANG_WARN_DOCUMENTATION_COMMENTS = YES;
				CLANG_WARN_EMPTY_BODY = YES;
				CLANG_WARN_ENUM_CONVERSION = YES;
				CLANG_WARN_INFINITE_RECURSION = YES;
				CLANG_WARN_INT_CONVERSION = YES;
				CLANG_WARN_NON_LITERAL_NULL_CONVERSION = YES;
				CLANG_WARN_OBJC_IMPLICIT_RETAIN_SELF = YES;
				CLANG_WARN_OBJC_LITERAL_CONVERSION = YES;
				CLANG_WARN_OBJC_ROOT_CLASS = YES_ERROR;
				CLANG_WARN_RANGE_LOOP_ANALYSIS = YES;
				CLANG_WARN_STRICT_PROTOTYPES = YES;
				CLANG_WARN_SUSPICIOUS_MOVE = YES;
				CLANG_WARN_UNGUARDED_AVAILABILITY = YES_AGGRESSIVE;
				CLANG_WARN_UNREACHABLE_CODE = YES;
				CLANG_WARN__DUPLICATE_METHOD_MATCH = YES;
				CODE_SIGN_IDENTITY = "Mac Developer";
				COPY_PHASE_STRIP = NO;
				DEBUG_INFORMATION_FORMAT = "dwarf-with-dsym";
				ENABLE_NS_ASSERTIONS = NO;
				ENABLE_STRICT_OBJC_MSGSEND = YES;
				GCC_C_LANGUAGE_STANDARD = gnu11;
				GCC_NO_COMMON_BLOCKS = YES;
				GCC_WARN_64_TO_32_BIT_CONVERSION = YES;
				GCC_WARN_ABOUT_RETURN_TYPE = YES_ERROR;
				GCC_WARN_UNDECLARED_SELECTOR = YES;
				GCC_WARN_UNINITIALIZED_AUTOS = YES_AGGRESSIVE;
				GCC_WARN_UNUSED_FUNCTION = YES;
				GCC_WARN_UNUSED_VARIABLE = YES;
				MACOSX_DEPLOYMENT_TARGET = 10.14;
				MTL_ENABLE_DEBUG_INFO = NO;
				MTL_FAST_MATH = YES;
				SDKROOT = macosx;
			};
			name = Release;
		};
		846F725A2350194F00C2A2F8 /* Debug */ = {
			isa = XCBuildConfiguration;
			buildSettings = {
				CODE_SIGN_IDENTITY = "-";
				CODE_SIGN_STYLE = Automatic;
				DEVELOPMENT_TEAM = FR47X7YWHJ;
				PRODUCT_NAME = "$(TARGET_NAME)";
			};
			name = Debug;
		};
		846F725B2350194F00C2A2F8 /* Release */ = {
			isa = XCBuildConfiguration;
			buildSettings = {
				CODE_SIGN_IDENTITY = "-";
				CODE_SIGN_STYLE = Automatic;
				DEVELOPMENT_TEAM = FR47X7YWHJ;
				PRODUCT_NAME = "$(TARGET_NAME)";
			};
			name = Release;
		};
/* End XCBuildConfiguration section */

/* Begin XCConfigurationList section */
		846F724D2350194F00C2A2F8 /* Build configuration list for PBXProject "StaticExtern" */ = {
			isa = XCConfigurationList;
			buildConfigurations = (
				846F72572350194F00C2A2F8 /* Debug */,
				846F72582350194F00C2A2F8 /* Release */,
			);
			defaultConfigurationIsVisible = 0;
			defaultConfigurationName = Release;
		};
		846F72592350194F00C2A2F8 /* Build configuration list for PBXNativeTarget "StaticExtern" */ = {
			isa = XCConfigurationList;
			buildConfigurations = (
				846F725A2350194F00C2A2F8 /* Debug */,
				846F725B2350194F00C2A2F8 /* Release */,
			);
			defaultConfigurationIsVisible = 0;
			defaultConfigurationName = Release;
		};
/* End XCConfigurationList section */
	};
	rootObject = 846F724A2350194F00C2A2F8 /* Project object */;
}
